
Microsoft Visual Studio Solution File, Format Version 12.00
# Visual Studio 15
VisualStudioVersion = 15.0.28010.2041
MinimumVisualStudioVersion = 10.0.40219.1
Project("{FAE04EC0-301F-11D3-BF4B-00C04F79EFBC}") = "Vidly", "Vidly\Vidly.csproj", "{81B1DC87-4E42-4763-B751-47C1530B4D23}"
EndProject
Global
	GlobalSection(SolutionConfigurationPlatforms) = preSolution
		Debug|Any CPU = Debug|Any CPU
		Release|Any CPU = Release|Any CPU
	EndGlobalSection
	GlobalSection(ProjectConfigurationPlatforms) = postSolution
		{81B1DC87-4E42-4763-B751-47C1530B4D23}.Debug|Any CPU.ActiveCfg = Debug|Any CPU
		{81B1DC87-4E42-4763-B751-47C1530B4D23}.Debug|Any CPU.Build.0 = Debug|Any CPU
		{81B1DC87-4E42-4763-B751-47C1530B4D23}.Release|Any CPU.ActiveCfg = Release|Any CPU
		{81B1DC87-4E42-4763-B751-47C1530B4D23}.Release|Any CPU.Build.0 = Release|Any CPU
	EndGlobalSection
	GlobalSection(SolutionProperties) = preSolution
		HideSolutionNode = FALSE
	EndGlobalSection
	GlobalSection(ExtensibilityGlobals) = postSolution
		SolutionGuid = {C2314ABE-EA58-4197-9738-6B0FD662F143}
	EndGlobalSection
EndGlobal
